
Microsoft Visual Studio Solution File, Format Version 12.00
# Visual Studio 15
VisualStudioVersion = 15.0.28307.1267
MinimumVisualStudioVersion = 10.0.40219.1
Project("{FAE04EC0-301F-11D3-BF4B-00C04F79EFBC}") = "ServerChatApp_044_FakhrizarRifqFuad", "ServerChatApp_044_FakhrizarRifqFuad\ServerChatApp_044_FakhrizarRifqFuad.csproj", "{E854FCDF-2D5D-472C-83EB-15EC83B80253}"
EndProject
Global
	GlobalSection(SolutionConfigurationPlatforms) = preSolution
		Debug|Any CPU = Debug|Any CPU
		Release|Any CPU = Release|Any CPU
	EndGlobalSection
	GlobalSection(ProjectConfigurationPlatforms) = postSolution
		{E854FCDF-2D5D-472C-83EB-15EC83B80253}.Debug|Any CPU.ActiveCfg = Debug|Any CPU
		{E854FCDF-2D5D-472C-83EB-15EC83B80253}.Debug|Any CPU.Build.0 = Debug|Any CPU
		{E854FCDF-2D5D-472C-83EB-15EC83B80253}.Release|Any CPU.ActiveCfg = Release|Any CPU
		{E854FCDF-2D5D-472C-83EB-15EC83B80253}.Release|Any CPU.Build.0 = Release|Any CPU
	EndGlobalSection
	GlobalSection(SolutionProperties) = preSolution
		HideSolutionNode = FALSE
	EndGlobalSection
	GlobalSection(ExtensibilityGlobals) = postSolution
		SolutionGuid = {476F1940-7FDA-4065-8D7C-1FBCEBA37E79}
	EndGlobalSection
EndGlobal
